
Microsoft Visual Studio Solution File, Format Version 12.00
# Visual Studio Version 17
VisualStudioVersion = 17.11.35303.130
MinimumVisualStudioVersion = 10.0.40219.1
Project("{FAE04EC0-301F-11D3-BF4B-00C04F79EFBC}") = "blah", "blah\blah.csproj", "{669636DB-E2BB-410C-83D9-B87DD1DEDE27}"
EndProject
Global
	GlobalSection(SolutionConfigurationPlatforms) = preSolution
		Debug|Any CPU = Debug|Any CPU
		Release|Any CPU = Release|Any CPU
	EndGlobalSection
	GlobalSection(ProjectConfigurationPlatforms) = postSolution
		{669636DB-E2BB-410C-83D9-B87DD1DEDE27}.Debug|Any CPU.ActiveCfg = Debug|Any CPU
		{669636DB-E2BB-410C-83D9-B87DD1DEDE27}.Debug|Any CPU.Build.0 = Debug|Any CPU
		{669636DB-E2BB-410C-83D9-B87DD1DEDE27}.Release|Any CPU.ActiveCfg = Release|Any CPU
		{669636DB-E2BB-410C-83D9-B87DD1DEDE27}.Release|Any CPU.Build.0 = Release|Any CPU
	EndGlobalSection
	GlobalSection(SolutionProperties) = preSolution
		HideSolutionNode = FALSE
	EndGlobalSection
	GlobalSection(ExtensibilityGlobals) = postSolution
		SolutionGuid = {F08806E0-84B6-4240-868A-DDEDB9B2EADA}
	EndGlobalSection
EndGlobal
